{
    "_meta": {
        "hash": {
            "sha256": "101896288cdd87812255ae529b46012345afb654aafcb421f5a82afbbb711973"
        },
        "host-environment-markers": {
            "implementation_name": "cpython",
            "implementation_version": "3.5.3",
            "os_name": "posix",
            "platform_machine": "x86_64",
            "platform_python_implementation": "CPython",
            "platform_release": "3.10.0-514.10.2.el7.x86_64",
            "platform_system": "Linux",
            "platform_version": "#1 SMP Fri Mar 3 00:04:05 UTC 2017",
            "python_full_version": "3.5.3",
            "python_version": "3.5",
            "sys_platform": "linux"
        },
        "pipfile-spec": 6,
        "requires": {
            "python_version": "3.5"
        },
        "sources": [
            {
                "name": "pypi",
                "url": "https://pypi.python.org/simple",
                "verify_ssl": true
            }
        ]
    },
    "default": {},
    "develop": {}
}
